
Microsoft Visual Studio Solution File, Format Version 12.00
# Visual Studio Version 17
VisualStudioVersion = 17.11.35312.102
MinimumVisualStudioVersion = 10.0.40219.1
Project("{9A19103F-16F7-4668-BE54-9A1E7A4F7556}") = "Web Browser", "Web Browser.csproj", "{5008215D-7026-4061-8DFE-6E009BAC79CC}"
EndProject
Global
	GlobalSection(SolutionConfigurationPlatforms) = preSolution
		Debug|Any CPU = Debug|Any CPU
		Release|Any CPU = Release|Any CPU
	EndGlobalSection
	GlobalSection(ProjectConfigurationPlatforms) = postSolution
		{5008215D-7026-4061-8DFE-6E009BAC79CC}.Debug|Any CPU.ActiveCfg = Debug|Any CPU
		{5008215D-7026-4061-8DFE-6E009BAC79CC}.Debug|Any CPU.Build.0 = Debug|Any CPU
		{5008215D-7026-4061-8DFE-6E009BAC79CC}.Release|Any CPU.ActiveCfg = Release|Any CPU
		{5008215D-7026-4061-8DFE-6E009BAC79CC}.Release|Any CPU.Build.0 = Release|Any CPU
	EndGlobalSection
	GlobalSection(SolutionProperties) = preSolution
		HideSolutionNode = FALSE
	EndGlobalSection
	GlobalSection(ExtensibilityGlobals) = postSolution
		SolutionGuid = {C1BEB004-4864-429F-B15B-5537FBDAEC37}
	EndGlobalSection
EndGlobal
